
Microsoft Visual Studio Solution File, Format Version 12.00
# Visual Studio Version 17
VisualStudioVersion = 17.8.34316.72
MinimumVisualStudioVersion = 10.0.40219.1
Project("{FAE04EC0-301F-11D3-BF4B-00C04F79EFBC}") = "SistemaKinesiologia", "SistemaKinesiologia.csproj", "{10B89E47-63A7-40AD-925E-3141BE0FAF9D}"
EndProject
Global
	GlobalSection(SolutionConfigurationPlatforms) = preSolution
		Debug|Any CPU = Debug|Any CPU
		Release|Any CPU = Release|Any CPU
	EndGlobalSection
	GlobalSection(ProjectConfigurationPlatforms) = postSolution
		{10B89E47-63A7-40AD-925E-3141BE0FAF9D}.Debug|Any CPU.ActiveCfg = Debug|Any CPU
		{10B89E47-63A7-40AD-925E-3141BE0FAF9D}.Debug|Any CPU.Build.0 = Debug|Any CPU
		{10B89E47-63A7-40AD-925E-3141BE0FAF9D}.Release|Any CPU.ActiveCfg = Release|Any CPU
		{10B89E47-63A7-40AD-925E-3141BE0FAF9D}.Release|Any CPU.Build.0 = Release|Any CPU
	EndGlobalSection
	GlobalSection(SolutionProperties) = preSolution
		HideSolutionNode = FALSE
	EndGlobalSection
	GlobalSection(ExtensibilityGlobals) = postSolution
		SolutionGuid = {F19F0686-AC48-45FC-90A8-9E6CA6AF4437}
	EndGlobalSection
EndGlobal
